// !$*UTF8*$!
{
	archiveVersion = 1;
	classes = {
	};
	objectVersion = 46;
	objects = {

/* Begin PBXBuildFile section */
		3E5CDD001CDE507800BBEDC6 /* AppDelegate.swift in Sources */ = {isa = PBXBuildFile; fileRef = 3E5CDCFF1CDE507800BBEDC6 /* AppDelegate.swift */; };
		3E5CDD021CDE507800BBEDC6 /* ViewController.swift in Sources */ = {isa = PBXBuildFile; fileRef = 3E5CDD011CDE507800BBEDC6 /* ViewController.swift */; };
		3E5CDD051CDE507800BBEDC6 /* Main.storyboard in Resources */ = {isa = PBXBuildFile; fileRef = 3E5CDD031CDE507800BBEDC6 /* Main.storyboard */; };
		3E5CDD071CDE507800BBEDC6 /* Assets.xcassets in Resources */ = {isa = PBXBuildFile; fileRef = 3E5CDD061CDE507800BBEDC6 /* Assets.xcassets */; };
		3E5CDD0A1CDE507800BBEDC6 /* LaunchScreen.storyboard in Resources */ = {isa = PBXBuildFile; fileRef = 3E5CDD081CDE507800BBEDC6 /* LaunchScreen.storyboard */; };
		3E5CDD121CDE508900BBEDC6 /* bigMona.jpg in Resources */ = {isa = PBXBuildFile; fileRef = 3E5CDD111CDE508900BBEDC6 /* bigMona.jpg */; };
		3E5CDD141CDE546400BBEDC6 /* sky.jpg in Resources */ = {isa = PBXBuildFile; fileRef = 3E5CDD131CDE546400BBEDC6 /* sky.jpg */; };
		3E5CDD161CDE592A00BBEDC6 /* HistorgamDisplay.swift in Sources */ = {isa = PBXBuildFile; fileRef = 3E5CDD151CDE592A00BBEDC6 /* HistorgamDisplay.swift */; };
/* End PBXBuildFile section */

/* Begin PBXFileReference section */
		3E5CDCFC1CDE507800BBEDC6 /* MPS_Equalisation.app */ = {isa = PBXFileReference; explicitFileType = wrapper.application; includeInIndex = 0; path = MPS_Equalisation.app; sourceTree = BUILT_PRODUCTS_DIR; };
		3E5CDCFF1CDE507800BBEDC6 /* AppDelegate.swift */ = {isa = PBXFileReference; lastKnownFileType = sourcecode.swift; path = AppDelegate.swift; sourceTree = "<group>"; };
		3E5CDD011CDE507800BBEDC6 /* ViewController.swift */ = {isa = PBXFileReference; lastKnownFileType = sourcecode.swift; path = ViewController.swift; sourceTree = "<group>"; };
		3E5CDD041CDE507800BBEDC6 /* Base */ = {isa = PBXFileReference; lastKnownFileType = file.storyboard; name = Base; path = Base.lproj/Main.storyboard; sourceTree = "<group>"; };
		3E5CDD061CDE507800BBEDC6 /* Assets.xcassets */ = {isa = PBXFileReference; lastKnownFileType = folder.assetcatalog; path = Assets.xcassets; sourceTree = "<group>"; };
		3E5CDD091CDE507800BBEDC6 /* Base */ = {isa = PBXFileReference; lastKnownFileType = file.storyboard; name = Base; path = Base.lproj/LaunchScreen.storyboard; sourceTree = "<group>"; };
		3E5CDD0B1CDE507800BBEDC6 /* Info.plist */ = {isa = PBXFileReference; lastKnownFileType = text.plist.xml; path = Info.plist; sourceTree = "<group>"; };
		3E5CDD111CDE508900BBEDC6 /* bigMona.jpg */ = {isa = PBXFileReference; lastKnownFileType = image.jpeg; path = bigMona.jpg; sourceTree = "<group>"; };
		3E5CDD131CDE546400BBEDC6 /* sky.jpg */ = {isa = PBXFileReference; lastKnownFileType = image.jpeg; path = sky.jpg; sourceTree = "<group>"; };
		3E5CDD151CDE592A00BBEDC6 /* HistorgamDisplay.swift */ = {isa = PBXFileReference; fileEncoding = 4; lastKnownFileType = sourcecode.swift; path = HistorgamDisplay.swift; sourceTree = "<group>"; };
/* End PBXFileReference section */

/* Begin PBXFrameworksBuildPhase section */
		3E5CDCF91CDE507800BBEDC6 /* Frameworks */ = {
			isa = PBXFrameworksBuildPhase;
			buildActionMask = 2147483647;
			files = (
			);
			runOnlyForDeploymentPostprocessing = 0;
		};
/* End PBXFrameworksBuildPhase section */

/* Begin PBXGroup section */
		3E5CDCF31CDE507800BBEDC6 = {
			isa = PBXGroup;
			children = (
				3E5CDCFE1CDE507800BBEDC6 /* MPS_Equalisation */,
				3E5CDCFD1CDE507800BBEDC6 /* Products */,
			);
			sourceTree = "<group>";
		};
		3E5CDCFD1CDE507800BBEDC6 /* Products */ = {
			isa = PBXGroup;
			children = (
				3E5CDCFC1CDE507800BBEDC6 /* MPS_Equalisation.app */,
			);
			name = Products;
			sourceTree = "<group>";
		};
		3E5CDCFE1CDE507800BBEDC6 /* MPS_Equalisation */ = {
			isa = PBXGroup;
			children = (
				3E5CDD111CDE508900BBEDC6 /* bigMona.jpg */,
				3E5CDD131CDE546400BBEDC6 /* sky.jpg */,
				3E5CDCFF1CDE507800BBEDC6 /* AppDelegate.swift */,
				3E5CDD011CDE507800BBEDC6 /* ViewController.swift */,
				3E5CDD031CDE507800BBEDC6 /* Main.storyboard */,
				3E5CDD061CDE507800BBEDC6 /* Assets.xcassets */,
				3E5CDD081CDE507800BBEDC6 /* LaunchScreen.storyboard */,
				3E5CDD0B1CDE507800BBEDC6 /* Info.plist */,
				3E5CDD151CDE592A00BBEDC6 /* HistorgamDisplay.swift */,
			);
			path = MPS_Equalisation;
			sourceTree = "<group>";
		};
/* End PBXGroup section */

/* Begin PBXNativeTarget section */
		3E5CDCFB1CDE507800BBEDC6 /* MPS_Equalisation */ = {
			isa = PBXNativeTarget;
			buildConfigurationList = 3E5CDD0E1CDE507800BBEDC6 /* Build configuration list for PBXNativeTarget "MPS_Equalisation" */;
			buildPhases = (
				3E5CDCF81CDE507800BBEDC6 /* Sources */,
				3E5CDCF91CDE507800BBEDC6 /* Frameworks */,
				3E5CDCFA1CDE507800BBEDC6 /* Resources */,
			);
			buildRules = (
			);
			dependencies = (
			);
			name = MPS_Equalisation;
			productName = MPS_Equalisation;
			productReference = 3E5CDCFC1CDE507800BBEDC6 /* MPS_Equalisation.app */;
			productType = "com.apple.product-type.application";
		};
/* End PBXNativeTarget section */

/* Begin PBXProject section */
		3E5CDCF41CDE507800BBEDC6 /* Project object */ = {
			isa = PBXProject;
			attributes = {
				LastSwiftUpdateCheck = 0730;
				LastUpgradeCheck = 0730;
				ORGANIZATIONNAME = "Simon Gladman";
				TargetAttributes = {
					3E5CDCFB1CDE507800BBEDC6 = {
						CreatedOnToolsVersion = 7.3.1;
					};
				};
			};
			buildConfigurationList = 3E5CDCF71CDE507800BBEDC6 /* Build configuration list for PBXProject "MPS_Equalisation" */;
			compatibilityVersion = "Xcode 3.2";
			developmentRegion = English;
			hasScannedForEncodings = 0;
			knownRegions = (
				en,
				Base,
			);
			mainGroup = 3E5CDCF31CDE507800BBEDC6;
			productRefGroup = 3E5CDCFD1CDE507800BBEDC6 /* Products */;
			projectDirPath = "";
			projectRoot = "";
			targets = (
				3E5CDCFB1CDE507800BBEDC6 /* MPS_Equalisation */,
			);
		};
/* End PBXProject section */

/* Begin PBXResourcesBuildPhase section */
		3E5CDCFA1CDE507800BBEDC6 /* Resources */ = {
			isa = PBXResourcesBuildPhase;
			buildActionMask = 2147483647;
			files = (
				3E5CDD0A1CDE507800BBEDC6 /* LaunchScreen.storyboard in Resources */,
				3E5CDD141CDE546400BBEDC6 /* sky.jpg in Resources */,
				3E5CDD071CDE507800BBEDC6 /* Assets.xcassets in Resources */,
				3E5CDD051CDE507800BBEDC6 /* Main.storyboard in Resources */,
				3E5CDD121CDE508900BBEDC6 /* bigMona.jpg in Resources */,
			);
			runOnlyForDeploymentPostprocessing = 0;
		};
/* End PBXResourcesBuildPhase section */

/* Begin PBXSourcesBuildPhase section */
		3E5CDCF81CDE507800BBEDC6 /* Sources */ = {
			isa = PBXSourcesBuildPhase;
			buildActionMask = 2147483647;
			files = (
				3E5CDD021CDE507800BBEDC6 /* ViewController.swift in Sources */,
				3E5CDD161CDE592A00BBEDC6 /* HistorgamDisplay.swift in Sources */,
				3E5CDD001CDE507800BBEDC6 /* AppDelegate.swift in Sources */,
			);
			runOnlyForDeploymentPostprocessing = 0;
		};
/* End PBXSourcesBuildPhase section */

/* Begin PBXVariantGroup section */
		3E5CDD031CDE507800BBEDC6 /* Main.storyboard */ = {
			isa = PBXVariantGroup;
			children = (
				3E5CDD041CDE507800BBEDC6 /* Base */,
			);
			name = Main.storyboard;
			sourceTree = "<group>";
		};
		3E5CDD081CDE507800BBEDC6 /* LaunchScreen.storyboard */ = {
			isa = PBXVariantGroup;
			children = (
				3E5CDD091CDE507800BBEDC6 /* Base */,
			);
			name = LaunchScreen.storyboard;
			sourceTree = "<group>";
		};
/* End PBXVariantGroup section */

/* Begin XCBuildConfiguration section */
		3E5CDD0C1CDE507800BBEDC6 /* Debug */ = {
			isa = XCBuildConfiguration;
			buildSettings = {
				ALWAYS_SEARCH_USER_PATHS = NO;
				CLANG_ANALYZER_NONNULL = YES;
				CLANG_CXX_LANGUAGE_STANDARD = "gnu++0x";
				CLANG_CXX_LIBRARY = "libc++";
				CLANG_ENABLE_MODULES = YES;
				CLANG_ENABLE_OBJC_ARC = YES;
				CLANG_WARN_BOOL_CONVERSION = YES;
				CLANG_WARN_CONSTANT_CONVERSION = YES;
				CLANG_WARN_DIRECT_OBJC_ISA_USAGE = YES_ERROR;
				CLANG_WARN_EMPTY_BODY = YES;
				CLANG_WARN_ENUM_CONVERSION = YES;
				CLANG_WARN_INT_CONVERSION = YES;
				CLANG_WARN_OBJC_ROOT_CLASS = YES_ERROR;
				CLANG_WARN_UNREACHABLE_CODE = YES;
				CLANG_WARN__DUPLICATE_METHOD_MATCH = YES;
				"CODE_SIGN_IDENTITY[sdk=iphoneos*]" = "iPhone Developer";
				COPY_PHASE_STRIP = NO;
				DEBUG_INFORMATION_FORMAT = dwarf;
				ENABLE_STRICT_OBJC_MSGSEND = YES;
				ENABLE_TESTABILITY = YES;
				GCC_C_LANGUAGE_STANDARD = gnu99;
				GCC_DYNAMIC_NO_PIC = NO;
				GCC_NO_COMMON_BLOCKS = YES;
				GCC_OPTIMIZATION_LEVEL = 0;
				GCC_PREPROCESSOR_DEFINITIONS = (
					"DEBUG=1",
					"$(inherited)",
				);
				GCC_WARN_64_TO_32_BIT_CONVERSION = YES;
				GCC_WARN_ABOUT_RETURN_TYPE = YES_ERROR;
				GCC_WARN_UNDECLARED_SELECTOR = YES;
				GCC_WARN_UNINITIALIZED_AUTOS = YES_AGGRESSIVE;
				GCC_WARN_UNUSED_FUNCTION = YES;
				GCC_WARN_UNUSED_VARIABLE = YES;
				IPHONEOS_DEPLOYMENT_TARGET = 9.3;
				MTL_ENABLE_DEBUG_INFO = YES;
				ONLY_ACTIVE_ARCH = YES;
				SDKROOT = iphoneos;
				SWIFT_OPTIMIZATION_LEVEL = "-Onone";
				TARGETED_DEVICE_FAMILY = 2;
			};
			name = Debug;
		};
		3E5CDD0D1CDE507800BBEDC6 /* Release */ = {
			isa = XCBuildConfiguration;
			buildSettings = {
				ALWAYS_SEARCH_USER_PATHS = NO;
				CLANG_ANALYZER_NONNULL = YES;
				CLANG_CXX_LANGUAGE_STANDARD = "gnu++0x";
				CLANG_CXX_LIBRARY = "libc++";
				CLANG_ENABLE_MODULES = YES;
				CLANG_ENABLE_OBJC_ARC = YES;
				CLANG_WARN_BOOL_CONVERSION = YES;
				CLANG_WARN_CONSTANT_CONVERSION = YES;
				CLANG_WARN_DIRECT_OBJC_ISA_USAGE = YES_ERROR;
				CLANG_WARN_EMPTY_BODY = YES;
				CLANG_WARN_ENUM_CONVERSION = YES;
				CLANG_WARN_INT_CONVERSION = YES;
				CLANG_WARN_OBJC_ROOT_CLASS = YES_ERROR;
				CLANG_WARN_UNREACHABLE_CODE = YES;
				CLANG_WARN__DUPLICATE_METHOD_MATCH = YES;
				"CODE_SIGN_IDENTITY[sdk=iphoneos*]" = "iPhone Developer";
				COPY_PHASE_STRIP = NO;
				DEBUG_INFORMATION_FORMAT = "dwarf-with-dsym";
				ENABLE_NS_ASSERTIONS = NO;
				ENABLE_STRICT_OBJC_MSGSEND = YES;
				GCC_C_LANGUAGE_STANDARD = gnu99;
				GCC_NO_COMMON_BLOCKS = YES;
				GCC_WARN_64_TO_32_BIT_CONVERSION = YES;
				GCC_WARN_ABOUT_RETURN_TYPE = YES_ERROR;
				GCC_WARN_UNDECLARED_SELECTOR = YES;
				GCC_WARN_UNINITIALIZED_AUTOS = YES_AGGRESSIVE;
				GCC_WARN_UNUSED_FUNCTION = YES;
				GCC_WARN_UNUSED_VARIABLE = YES;
				IPHONEOS_DEPLOYMENT_TARGET = 9.3;
				MTL_ENABLE_DEBUG_INFO = NO;
				SDKROOT = iphoneos;
				TARGETED_DEVICE_FAMILY = 2;
				VALIDATE_PRODUCT = YES;
			};
			name = Release;
		};
		3E5CDD0F1CDE507800BBEDC6 /* Debug */ = {
			isa = XCBuildConfiguration;
			buildSettings = {
				ASSETCATALOG_COMPILER_APPICON_NAME = AppIcon;
				INFOPLIST_FILE = MPS_Equalisation/Info.plist;
				LD_RUNPATH_SEARCH_PATHS = "$(inherited) @executable_path/Frameworks";
				PRODUCT_BUNDLE_IDENTIFIER = "uk.co.flexmonkey.MPS-Equalisation";
				PRODUCT_NAME = "$(TARGET_NAME)";
			};
			name = Debug;
		};
		3E5CDD101CDE507800BBEDC6 /* Release */ = {
			isa = XCBuildConfiguration;
			buildSettings = {
				ASSETCATALOG_COMPILER_APPICON_NAME = AppIcon;
				INFOPLIST_FILE = MPS_Equalisation/Info.plist;
				LD_RUNPATH_SEARCH_PATHS = "$(inherited) @executable_path/Frameworks";
				PRODUCT_BUNDLE_IDENTIFIER = "uk.co.flexmonkey.MPS-Equalisation";
				PRODUCT_NAME = "$(TARGET_NAME)";
			};
			name = Release;
		};
/* End XCBuildConfiguration section */

/* Begin XCConfigurationList section */
		3E5CDCF71CDE507800BBEDC6 /* Build configuration list for PBXProject "MPS_Equalisation" */ = {
			isa = XCConfigurationList;
			buildConfigurations = (
				3E5CDD0C1CDE507800BBEDC6 /* Debug */,
				3E5CDD0D1CDE507800BBEDC6 /* Release */,
			);
			defaultConfigurationIsVisible = 0;
			defaultConfigurationName = Release;
		};
		3E5CDD0E1CDE507800BBEDC6 /* Build configuration list for PBXNativeTarget "MPS_Equalisation" */ = {
			isa = XCConfigurationList;
			buildConfigurations = (
				3E5CDD0F1CDE507800BBEDC6 /* Debug */,
				3E5CDD101CDE507800BBEDC6 /* Release */,
			);
			defaultConfigurationIsVisible = 0;
		};
/* End XCConfigurationList section */
	};
	rootObject = 3E5CDCF41CDE507800BBEDC6 /* Project object */;
}
